
Microsoft Visual Studio Solution File, Format Version 12.00
# Visual Studio Version 17
VisualStudioVersion = 17.3.32825.248
MinimumVisualStudioVersion = 10.0.40219.1
Project("{FAE04EC0-301F-11D3-BF4B-00C04F79EFBC}") = "SyntaxSugar", "SyntaxSugar\SyntaxSugar.csproj", "{FB03A5D5-EE5E-4E8B-8F86-CDB16F9FAA77}"
EndProject
Global
	GlobalSection(SolutionConfigurationPlatforms) = preSolution
		Debug|Any CPU = Debug|Any CPU
		Release|Any CPU = Release|Any CPU
	EndGlobalSection
	GlobalSection(ProjectConfigurationPlatforms) = postSolution
		{FB03A5D5-EE5E-4E8B-8F86-CDB16F9FAA77}.Debug|Any CPU.ActiveCfg = Debug|Any CPU
		{FB03A5D5-EE5E-4E8B-8F86-CDB16F9FAA77}.Debug|Any CPU.Build.0 = Debug|Any CPU
		{FB03A5D5-EE5E-4E8B-8F86-CDB16F9FAA77}.Release|Any CPU.ActiveCfg = Release|Any CPU
		{FB03A5D5-EE5E-4E8B-8F86-CDB16F9FAA77}.Release|Any CPU.Build.0 = Release|Any CPU
	EndGlobalSection
	GlobalSection(SolutionProperties) = preSolution
		HideSolutionNode = FALSE
	EndGlobalSection
	GlobalSection(ExtensibilityGlobals) = postSolution
		SolutionGuid = {932110B9-8DA6-40DE-B5AB-DEFA0A64DBD2}
	EndGlobalSection
EndGlobal
